
Microsoft Visual Studio Solution File, Format Version 12.00
# Visual Studio Version 16
VisualStudioVersion = 16.0.29709.97
MinimumVisualStudioVersion = 10.0.40219.1
Project("{FAE04EC0-301F-11D3-BF4B-00C04F79EFBC}") = "Inscripcciones", "Inscripcciones.csproj", "{4E1EC9D6-3E8C-46A9-ACED-A2BF89838DDA}"
EndProject
Global
	GlobalSection(SolutionConfigurationPlatforms) = preSolution
		Debug|Any CPU = Debug|Any CPU
		Release|Any CPU = Release|Any CPU
	EndGlobalSection
	GlobalSection(ProjectConfigurationPlatforms) = postSolution
		{4E1EC9D6-3E8C-46A9-ACED-A2BF89838DDA}.Debug|Any CPU.ActiveCfg = Debug|Any CPU
		{4E1EC9D6-3E8C-46A9-ACED-A2BF89838DDA}.Debug|Any CPU.Build.0 = Debug|Any CPU
		{4E1EC9D6-3E8C-46A9-ACED-A2BF89838DDA}.Release|Any CPU.ActiveCfg = Release|Any CPU
		{4E1EC9D6-3E8C-46A9-ACED-A2BF89838DDA}.Release|Any CPU.Build.0 = Release|Any CPU
	EndGlobalSection
	GlobalSection(SolutionProperties) = preSolution
		HideSolutionNode = FALSE
	EndGlobalSection
	GlobalSection(ExtensibilityGlobals) = postSolution
		SolutionGuid = {E8557E9B-CE6F-420B-8B36-BE47078F6A56}
	EndGlobalSection
EndGlobal
